
Microsoft Visual Studio Solution File, Format Version 12.00
# Visual Studio Version 16
VisualStudioVersion = 16.0.31424.327
MinimumVisualStudioVersion = 10.0.40219.1
Project("{FAE04EC0-301F-11D3-BF4B-00C04F79EFBC}") = "DataStructures_HashTable", "DataStructures_HashTable.csproj", "{158F903D-DBF9-4DEF-8566-7E12950CB6DD}"
EndProject
Global
	GlobalSection(SolutionConfigurationPlatforms) = preSolution
		Debug|Any CPU = Debug|Any CPU
		Release|Any CPU = Release|Any CPU
	EndGlobalSection
	GlobalSection(ProjectConfigurationPlatforms) = postSolution
		{158F903D-DBF9-4DEF-8566-7E12950CB6DD}.Debug|Any CPU.ActiveCfg = Debug|Any CPU
		{158F903D-DBF9-4DEF-8566-7E12950CB6DD}.Debug|Any CPU.Build.0 = Debug|Any CPU
		{158F903D-DBF9-4DEF-8566-7E12950CB6DD}.Release|Any CPU.ActiveCfg = Release|Any CPU
		{158F903D-DBF9-4DEF-8566-7E12950CB6DD}.Release|Any CPU.Build.0 = Release|Any CPU
	EndGlobalSection
	GlobalSection(SolutionProperties) = preSolution
		HideSolutionNode = FALSE
	EndGlobalSection
	GlobalSection(ExtensibilityGlobals) = postSolution
		SolutionGuid = {4FA8B411-E143-4ABB-B6F9-6628EBD5B0CC}
	EndGlobalSection
EndGlobal
